
Microsoft Visual Studio Solution File, Format Version 12.00
# Visual Studio Version 17
VisualStudioVersion = 17.8.34408.163
MinimumVisualStudioVersion = 10.0.40219.1
Project("{FAE04EC0-301F-11D3-BF4B-00C04F79EFBC}") = "calculate", "calculate\calculate.csproj", "{94FA3951-5D30-448F-A01F-CEA062E28546}"
EndProject
Global
	GlobalSection(SolutionConfigurationPlatforms) = preSolution
		Debug|Any CPU = Debug|Any CPU
		Release|Any CPU = Release|Any CPU
	EndGlobalSection
	GlobalSection(ProjectConfigurationPlatforms) = postSolution
		{94FA3951-5D30-448F-A01F-CEA062E28546}.Debug|Any CPU.ActiveCfg = Debug|Any CPU
		{94FA3951-5D30-448F-A01F-CEA062E28546}.Debug|Any CPU.Build.0 = Debug|Any CPU
		{94FA3951-5D30-448F-A01F-CEA062E28546}.Release|Any CPU.ActiveCfg = Release|Any CPU
		{94FA3951-5D30-448F-A01F-CEA062E28546}.Release|Any CPU.Build.0 = Release|Any CPU
	EndGlobalSection
	GlobalSection(SolutionProperties) = preSolution
		HideSolutionNode = FALSE
	EndGlobalSection
	GlobalSection(ExtensibilityGlobals) = postSolution
		SolutionGuid = {CE19396E-341A-49A7-9503-678893DA9A1C}
	EndGlobalSection
EndGlobal
